// !$*UTF8*$!
{
	archiveVersion = 1;
	classes = {
	};
	objectVersion = 50;
	objects = {

/* Begin PBXBuildFile section */
		A197365D209FD78000F9533C /* AppDelegate.swift in Sources */ = {isa = PBXBuildFile; fileRef = A197365C209FD78000F9533C /* AppDelegate.swift */; };
		A197365F209FD78000F9533C /* ViewController.swift in Sources */ = {isa = PBXBuildFile; fileRef = A197365E209FD78000F9533C /* ViewController.swift */; };
		A1973662209FD78000F9533C /* Main.storyboard in Resources */ = {isa = PBXBuildFile; fileRef = A1973660209FD78000F9533C /* Main.storyboard */; };
		A1973664209FD78500F9533C /* Assets.xcassets in Resources */ = {isa = PBXBuildFile; fileRef = A1973663209FD78500F9533C /* Assets.xcassets */; };
		A1973667209FD78500F9533C /* LaunchScreen.storyboard in Resources */ = {isa = PBXBuildFile; fileRef = A1973665209FD78500F9533C /* LaunchScreen.storyboard */; };
		A1973672209FD78500F9533C /* Super_CoolTests.swift in Sources */ = {isa = PBXBuildFile; fileRef = A1973671209FD78500F9533C /* Super_CoolTests.swift */; };
		A197367D209FD78500F9533C /* Super_CoolUITests.swift in Sources */ = {isa = PBXBuildFile; fileRef = A197367C209FD78500F9533C /* Super_CoolUITests.swift */; };
/* End PBXBuildFile section */

/* Begin PBXContainerItemProxy section */
		A197366E209FD78500F9533C /* PBXContainerItemProxy */ = {
			isa = PBXContainerItemProxy;
			containerPortal = A1973651209FD78000F9533C /* Project object */;
			proxyType = 1;
			remoteGlobalIDString = A1973658209FD78000F9533C;
			remoteInfo = "Super Cool";
		};
		A1973679209FD78500F9533C /* PBXContainerItemProxy */ = {
			isa = PBXContainerItemProxy;
			containerPortal = A1973651209FD78000F9533C /* Project object */;
			proxyType = 1;
			remoteGlobalIDString = A1973658209FD78000F9533C;
			remoteInfo = "Super Cool";
		};
/* End PBXContainerItemProxy section */

/* Begin PBXFileReference section */
		A1973659209FD78000F9533C /* Super Cool.app */ = {isa = PBXFileReference; explicitFileType = wrapper.application; includeInIndex = 0; path = "Super Cool.app"; sourceTree = BUILT_PRODUCTS_DIR; };
		A197365C209FD78000F9533C /* AppDelegate.swift */ = {isa = PBXFileReference; lastKnownFileType = sourcecode.swift; path = AppDelegate.swift; sourceTree = "<group>"; };
		A197365E209FD78000F9533C /* ViewController.swift */ = {isa = PBXFileReference; lastKnownFileType = sourcecode.swift; path = ViewController.swift; sourceTree = "<group>"; };
		A1973661209FD78000F9533C /* Base */ = {isa = PBXFileReference; lastKnownFileType = file.storyboard; name = Base; path = Base.lproj/Main.storyboard; sourceTree = "<group>"; };
		A1973663209FD78500F9533C /* Assets.xcassets */ = {isa = PBXFileReference; lastKnownFileType = folder.assetcatalog; path = Assets.xcassets; sourceTree = "<group>"; };
		A1973666209FD78500F9533C /* Base */ = {isa = PBXFileReference; lastKnownFileType = file.storyboard; name = Base; path = Base.lproj/LaunchScreen.storyboard; sourceTree = "<group>"; };
		A1973668209FD78500F9533C /* Info.plist */ = {isa = PBXFileReference; lastKnownFileType = text.plist.xml; path = Info.plist; sourceTree = "<group>"; };
		A197366D209FD78500F9533C /* Super CoolTests.xctest */ = {isa = PBXFileReference; explicitFileType = wrapper.cfbundle; includeInIndex = 0; path = "Super CoolTests.xctest"; sourceTree = BUILT_PRODUCTS_DIR; };
		A1973671209FD78500F9533C /* Super_CoolTests.swift */ = {isa = PBXFileReference; lastKnownFileType = sourcecode.swift; path = Super_CoolTests.swift; sourceTree = "<group>"; };
		A1973673209FD78500F9533C /* Info.plist */ = {isa = PBXFileReference; lastKnownFileType = text.plist.xml; path = Info.plist; sourceTree = "<group>"; };
		A1973678209FD78500F9533C /* Super CoolUITests.xctest */ = {isa = PBXFileReference; explicitFileType = wrapper.cfbundle; includeInIndex = 0; path = "Super CoolUITests.xctest"; sourceTree = BUILT_PRODUCTS_DIR; };
		A197367C209FD78500F9533C /* Super_CoolUITests.swift */ = {isa = PBXFileReference; lastKnownFileType = sourcecode.swift; path = Super_CoolUITests.swift; sourceTree = "<group>"; };
		A197367E209FD78500F9533C /* Info.plist */ = {isa = PBXFileReference; lastKnownFileType = text.plist.xml; path = Info.plist; sourceTree = "<group>"; };
/* End PBXFileReference section */

/* Begin PBXFrameworksBuildPhase section */
		A1973656209FD78000F9533C /* Frameworks */ = {
			isa = PBXFrameworksBuildPhase;
			buildActionMask = 2147483647;
			files = (
			);
			runOnlyForDeploymentPostprocessing = 0;
		};
		A197366A209FD78500F9533C /* Frameworks */ = {
			isa = PBXFrameworksBuildPhase;
			buildActionMask = 2147483647;
			files = (
			);
			runOnlyForDeploymentPostprocessing = 0;
		};
		A1973675209FD78500F9533C /* Frameworks */ = {
			isa = PBXFrameworksBuildPhase;
			buildActionMask = 2147483647;
			files = (
			);
			runOnlyForDeploymentPostprocessing = 0;
		};
/* End PBXFrameworksBuildPhase section */

/* Begin PBXGroup section */
		A1973650209FD78000F9533C = {
			isa = PBXGroup;
			children = (
				A197365B209FD78000F9533C /* Super Cool */,
				A1973670209FD78500F9533C /* Super CoolTests */,
				A197367B209FD78500F9533C /* Super CoolUITests */,
				A197365A209FD78000F9533C /* Products */,
			);
			sourceTree = "<group>";
		};
		A197365A209FD78000F9533C /* Products */ = {
			isa = PBXGroup;
			children = (
				A1973659209FD78000F9533C /* Super Cool.app */,
				A197366D209FD78500F9533C /* Super CoolTests.xctest */,
				A1973678209FD78500F9533C /* Super CoolUITests.xctest */,
			);
			name = Products;
			sourceTree = "<group>";
		};
		A197365B209FD78000F9533C /* Super Cool */ = {
			isa = PBXGroup;
			children = (
				A197365C209FD78000F9533C /* AppDelegate.swift */,
				A197365E209FD78000F9533C /* ViewController.swift */,
				A1973660209FD78000F9533C /* Main.storyboard */,
				A1973663209FD78500F9533C /* Assets.xcassets */,
				A1973665209FD78500F9533C /* LaunchScreen.storyboard */,
				A1973668209FD78500F9533C /* Info.plist */,
			);
			path = "Super Cool";
			sourceTree = "<group>";
		};
		A1973670209FD78500F9533C /* Super CoolTests */ = {
			isa = PBXGroup;
			children = (
				A1973671209FD78500F9533C /* Super_CoolTests.swift */,
				A1973673209FD78500F9533C /* Info.plist */,
			);
			path = "Super CoolTests";
			sourceTree = "<group>";
		};
		A197367B209FD78500F9533C /* Super CoolUITests */ = {
			isa = PBXGroup;
			children = (
				A197367C209FD78500F9533C /* Super_CoolUITests.swift */,
				A197367E209FD78500F9533C /* Info.plist */,
			);
			path = "Super CoolUITests";
			sourceTree = "<group>";
		};
/* End PBXGroup section */

/* Begin PBXNativeTarget section */
		A1973658209FD78000F9533C /* Super Cool */ = {
			isa = PBXNativeTarget;
			buildConfigurationList = A1973681209FD78500F9533C /* Build configuration list for PBXNativeTarget "Super Cool" */;
			buildPhases = (
				A1973655209FD78000F9533C /* Sources */,
				A1973656209FD78000F9533C /* Frameworks */,
				A1973657209FD78000F9533C /* Resources */,
			);
			buildRules = (
			);
			dependencies = (
			);
			name = "Super Cool";
			productName = "Super Cool";
			productReference = A1973659209FD78000F9533C /* Super Cool.app */;
			productType = "com.apple.product-type.application";
		};
		A197366C209FD78500F9533C /* Super CoolTests */ = {
			isa = PBXNativeTarget;
			buildConfigurationList = A1973684209FD78500F9533C /* Build configuration list for PBXNativeTarget "Super CoolTests" */;
			buildPhases = (
				A1973669209FD78500F9533C /* Sources */,
				A197366A209FD78500F9533C /* Frameworks */,
				A197366B209FD78500F9533C /* Resources */,
			);
			buildRules = (
			);
			dependencies = (
				A197366F209FD78500F9533C /* PBXTargetDependency */,
			);
			name = "Super CoolTests";
			productName = "Super CoolTests";
			productReference = A197366D209FD78500F9533C /* Super CoolTests.xctest */;
			productType = "com.apple.product-type.bundle.unit-test";
		};
		A1973677209FD78500F9533C /* Super CoolUITests */ = {
			isa = PBXNativeTarget;
			buildConfigurationList = A1973687209FD78500F9533C /* Build configuration list for PBXNativeTarget "Super CoolUITests" */;
			buildPhases = (
				A1973674209FD78500F9533C /* Sources */,
				A1973675209FD78500F9533C /* Frameworks */,
				A1973676209FD78500F9533C /* Resources */,
			);
			buildRules = (
			);
			dependencies = (
				A197367A209FD78500F9533C /* PBXTargetDependency */,
			);
			name = "Super CoolUITests";
			productName = "Super CoolUITests";
			productReference = A1973678209FD78500F9533C /* Super CoolUITests.xctest */;
			productType = "com.apple.product-type.bundle.ui-testing";
		};
/* End PBXNativeTarget section */

/* Begin PBXProject section */
		A1973651209FD78000F9533C /* Project object */ = {
			isa = PBXProject;
			attributes = {
				LastSwiftUpdateCheck = 0930;
				LastUpgradeCheck = 0930;
				ORGANIZATIONNAME = "Digital Tribe Services";
				TargetAttributes = {
					A1973658209FD78000F9533C = {
						CreatedOnToolsVersion = 9.3;
					};
					A197366C209FD78500F9533C = {
						CreatedOnToolsVersion = 9.3;
						TestTargetID = A1973658209FD78000F9533C;
					};
					A1973677209FD78500F9533C = {
						CreatedOnToolsVersion = 9.3;
						TestTargetID = A1973658209FD78000F9533C;
					};
				};
			};
			buildConfigurationList = A1973654209FD78000F9533C /* Build configuration list for PBXProject "Super Cool" */;
			compatibilityVersion = "Xcode 9.3";
			developmentRegion = en;
			hasScannedForEncodings = 0;
			knownRegions = (
				en,
				Base,
			);
			mainGroup = A1973650209FD78000F9533C;
			productRefGroup = A197365A209FD78000F9533C /* Products */;
			projectDirPath = "";
			projectRoot = "";
			targets = (
				A1973658209FD78000F9533C /* Super Cool */,
				A197366C209FD78500F9533C /* Super CoolTests */,
				A1973677209FD78500F9533C /* Super CoolUITests */,
			);
		};
/* End PBXProject section */

/* Begin PBXResourcesBuildPhase section */
		A1973657209FD78000F9533C /* Resources */ = {
			isa = PBXResourcesBuildPhase;
			buildActionMask = 2147483647;
			files = (
				A1973667209FD78500F9533C /* LaunchScreen.storyboard in Resources */,
				A1973664209FD78500F9533C /* Assets.xcassets in Resources */,
				A1973662209FD78000F9533C /* Main.storyboard in Resources */,
			);
			runOnlyForDeploymentPostprocessing = 0;
		};
		A197366B209FD78500F9533C /* Resources */ = {
			isa = PBXResourcesBuildPhase;
			buildActionMask = 2147483647;
			files = (
			);
			runOnlyForDeploymentPostprocessing = 0;
		};
		A1973676209FD78500F9533C /* Resources */ = {
			isa = PBXResourcesBuildPhase;
			buildActionMask = 2147483647;
			files = (
			);
			runOnlyForDeploymentPostprocessing = 0;
		};
/* End PBXResourcesBuildPhase section */

/* Begin PBXSourcesBuildPhase section */
		A1973655209FD78000F9533C /* Sources */ = {
			isa = PBXSourcesBuildPhase;
			buildActionMask = 2147483647;
			files = (
				A197365F209FD78000F9533C /* ViewController.swift in Sources */,
				A197365D209FD78000F9533C /* AppDelegate.swift in Sources */,
			);
			runOnlyForDeploymentPostprocessing = 0;
		};
		A1973669209FD78500F9533C /* Sources */ = {
			isa = PBXSourcesBuildPhase;
			buildActionMask = 2147483647;
			files = (
				A1973672209FD78500F9533C /* Super_CoolTests.swift in Sources */,
			);
			runOnlyForDeploymentPostprocessing = 0;
		};
		A1973674209FD78500F9533C /* Sources */ = {
			isa = PBXSourcesBuildPhase;
			buildActionMask = 2147483647;
			files = (
				A197367D209FD78500F9533C /* Super_CoolUITests.swift in Sources */,
			);
			runOnlyForDeploymentPostprocessing = 0;
		};
/* End PBXSourcesBuildPhase section */

/* Begin PBXTargetDependency section */
		A197366F209FD78500F9533C /* PBXTargetDependency */ = {
			isa = PBXTargetDependency;
			target = A1973658209FD78000F9533C /* Super Cool */;
			targetProxy = A197366E209FD78500F9533C /* PBXContainerItemProxy */;
		};
		A197367A209FD78500F9533C /* PBXTargetDependency */ = {
			isa = PBXTargetDependency;
			target = A1973658209FD78000F9533C /* Super Cool */;
			targetProxy = A1973679209FD78500F9533C /* PBXContainerItemProxy */;
		};
/* End PBXTargetDependency section */

/* Begin PBXVariantGroup section */
		A1973660209FD78000F9533C /* Main.storyboard */ = {
			isa = PBXVariantGroup;
			children = (
				A1973661209FD78000F9533C /* Base */,
			);
			name = Main.storyboard;
			sourceTree = "<group>";
		};
		A1973665209FD78500F9533C /* LaunchScreen.storyboard */ = {
			isa = PBXVariantGroup;
			children = (
				A1973666209FD78500F9533C /* Base */,
			);
			name = LaunchScreen.storyboard;
			sourceTree = "<group>";
		};
/* End PBXVariantGroup section */

/* Begin XCBuildConfiguration section */
		A197367F209FD78500F9533C /* Debug */ = {
			isa = XCBuildConfiguration;
			buildSettings = {
				ALWAYS_SEARCH_USER_PATHS = NO;
				CLANG_ANALYZER_NONNULL = YES;
				CLANG_ANALYZER_NUMBER_OBJECT_CONVERSION = YES_AGGRESSIVE;
				CLANG_CXX_LANGUAGE_STANDARD = "gnu++14";
				CLANG_CXX_LIBRARY = "libc++";
				CLANG_ENABLE_MODULES = YES;
				CLANG_ENABLE_OBJC_ARC = YES;
				CLANG_ENABLE_OBJC_WEAK = YES;
				CLANG_WARN_BLOCK_CAPTURE_AUTORELEASING = YES;
				CLANG_WARN_BOOL_CONVERSION = YES;
				CLANG_WARN_COMMA = YES;
				CLANG_WARN_CONSTANT_CONVERSION = YES;
				CLANG_WARN_DEPRECATED_OBJC_IMPLEMENTATIONS = YES;
				CLANG_WARN_DIRECT_OBJC_ISA_USAGE = YES_ERROR;
				CLANG_WARN_DOCUMENTATION_COMMENTS = YES;
				CLANG_WARN_EMPTY_BODY = YES;
				CLANG_WARN_ENUM_CONVERSION = YES;
				CLANG_WARN_INFINITE_RECURSION = YES;
				CLANG_WARN_INT_CONVERSION = YES;
				CLANG_WARN_NON_LITERAL_NULL_CONVERSION = YES;
				CLANG_WARN_OBJC_IMPLICIT_RETAIN_SELF = YES;
				CLANG_WARN_OBJC_LITERAL_CONVERSION = YES;
				CLANG_WARN_OBJC_ROOT_CLASS = YES_ERROR;
				CLANG_WARN_RANGE_LOOP_ANALYSIS = YES;
				CLANG_WARN_STRICT_PROTOTYPES = YES;
				CLANG_WARN_SUSPICIOUS_MOVE = YES;
				CLANG_WARN_UNGUARDED_AVAILABILITY = YES_AGGRESSIVE;
				CLANG_WARN_UNREACHABLE_CODE = YES;
				CLANG_WARN__DUPLICATE_METHOD_MATCH = YES;
				CODE_SIGN_IDENTITY = "iPhone Developer";
				COPY_PHASE_STRIP = NO;
				DEBUG_INFORMATION_FORMAT = dwarf;
				ENABLE_STRICT_OBJC_MSGSEND = YES;
				ENABLE_TESTABILITY = YES;
				GCC_C_LANGUAGE_STANDARD = gnu11;
				GCC_DYNAMIC_NO_PIC = NO;
				GCC_NO_COMMON_BLOCKS = YES;
				GCC_OPTIMIZATION_LEVEL = 0;
				GCC_PREPROCESSOR_DEFINITIONS = (
					"DEBUG=1",
					"$(inherited)",
				);
				GCC_WARN_64_TO_32_BIT_CONVERSION = YES;
				GCC_WARN_ABOUT_RETURN_TYPE = YES_ERROR;
				GCC_WARN_UNDECLARED_SELECTOR = YES;
				GCC_WARN_UNINITIALIZED_AUTOS = YES_AGGRESSIVE;
				GCC_WARN_UNUSED_FUNCTION = YES;
				GCC_WARN_UNUSED_VARIABLE = YES;
				IPHONEOS_DEPLOYMENT_TARGET = 11.3;
				MTL_ENABLE_DEBUG_INFO = YES;
				ONLY_ACTIVE_ARCH = YES;
				SDKROOT = iphoneos;
				SWIFT_ACTIVE_COMPILATION_CONDITIONS = DEBUG;
				SWIFT_OPTIMIZATION_LEVEL = "-Onone";
			};
			name = Debug;
		};
		A1973680209FD78500F9533C /* Release */ = {
			isa = XCBuildConfiguration;
			buildSettings = {
				ALWAYS_SEARCH_USER_PATHS = NO;
				CLANG_ANALYZER_NONNULL = YES;
				CLANG_ANALYZER_NUMBER_OBJECT_CONVERSION = YES_AGGRESSIVE;
				CLANG_CXX_LANGUAGE_STANDARD = "gnu++14";
				CLANG_CXX_LIBRARY = "libc++";
				CLANG_ENABLE_MODULES = YES;
				CLANG_ENABLE_OBJC_ARC = YES;
				CLANG_ENABLE_OBJC_WEAK = YES;
				CLANG_WARN_BLOCK_CAPTURE_AUTORELEASING = YES;
				CLANG_WARN_BOOL_CONVERSION = YES;
				CLANG_WARN_COMMA = YES;
				CLANG_WARN_CONSTANT_CONVERSION = YES;
				CLANG_WARN_DEPRECATED_OBJC_IMPLEMENTATIONS = YES;
				CLANG_WARN_DIRECT_OBJC_ISA_USAGE = YES_ERROR;
				CLANG_WARN_DOCUMENTATION_COMMENTS = YES;
				CLANG_WARN_EMPTY_BODY = YES;
				CLANG_WARN_ENUM_CONVERSION = YES;
				CLANG_WARN_INFINITE_RECURSION = YES;
				CLANG_WARN_INT_CONVERSION = YES;
				CLANG_WARN_NON_LITERAL_NULL_CONVERSION = YES;
				CLANG_WARN_OBJC_IMPLICIT_RETAIN_SELF = YES;
				CLANG_WARN_OBJC_LITERAL_CONVERSION = YES;
				CLANG_WARN_OBJC_ROOT_CLASS = YES_ERROR;
				CLANG_WARN_RANGE_LOOP_ANALYSIS = YES;
				CLANG_WARN_STRICT_PROTOTYPES = YES;
				CLANG_WARN_SUSPICIOUS_MOVE = YES;
				CLANG_WARN_UNGUARDED_AVAILABILITY = YES_AGGRESSIVE;
				CLANG_WARN_UNREACHABLE_CODE = YES;
				CLANG_WARN__DUPLICATE_METHOD_MATCH = YES;
				CODE_SIGN_IDENTITY = "iPhone Developer";
				COPY_PHASE_STRIP = NO;
				DEBUG_INFORMATION_FORMAT = "dwarf-with-dsym";
				ENABLE_NS_ASSERTIONS = NO;
				ENABLE_STRICT_OBJC_MSGSEND = YES;
				GCC_C_LANGUAGE_STANDARD = gnu11;
				GCC_NO_COMMON_BLOCKS = YES;
				GCC_WARN_64_TO_32_BIT_CONVERSION = YES;
				GCC_WARN_ABOUT_RETURN_TYPE = YES_ERROR;
				GCC_WARN_UNDECLARED_SELECTOR = YES;
				GCC_WARN_UNINITIALIZED_AUTOS = YES_AGGRESSIVE;
				GCC_WARN_UNUSED_FUNCTION = YES;
				GCC_WARN_UNUSED_VARIABLE = YES;
				IPHONEOS_DEPLOYMENT_TARGET = 11.3;
				MTL_ENABLE_DEBUG_INFO = NO;
				SDKROOT = iphoneos;
				SWIFT_COMPILATION_MODE = wholemodule;
				SWIFT_OPTIMIZATION_LEVEL = "-O";
				VALIDATE_PRODUCT = YES;
			};
			name = Release;
		};
		A1973682209FD78500F9533C /* Debug */ = {
			isa = XCBuildConfiguration;
			buildSettings = {
				ASSETCATALOG_COMPILER_APPICON_NAME = AppIcon;
				CODE_SIGN_STYLE = Automatic;
				INFOPLIST_FILE = "Super Cool/Info.plist";
				LD_RUNPATH_SEARCH_PATHS = (
					"$(inherited)",
					"@executable_path/Frameworks",
				);
				PRODUCT_BUNDLE_IDENTIFIER = "com.devslopes.Super-Cool";
				PRODUCT_NAME = "$(TARGET_NAME)";
				SWIFT_VERSION = 4.0;
				TARGETED_DEVICE_FAMILY = 1;
			};
			name = Debug;
		};
		A1973683209FD78500F9533C /* Release */ = {
			isa = XCBuildConfiguration;
			buildSettings = {
				ASSETCATALOG_COMPILER_APPICON_NAME = AppIcon;
				CODE_SIGN_STYLE = Automatic;
				INFOPLIST_FILE = "Super Cool/Info.plist";
				LD_RUNPATH_SEARCH_PATHS = (
					"$(inherited)",
					"@executable_path/Frameworks",
				);
				PRODUCT_BUNDLE_IDENTIFIER = "com.devslopes.Super-Cool";
				PRODUCT_NAME = "$(TARGET_NAME)";
				SWIFT_VERSION = 4.0;
				TARGETED_DEVICE_FAMILY = 1;
			};
			name = Release;
		};
		A1973685209FD78500F9533C /* Debug */ = {
			isa = XCBuildConfiguration;
			buildSettings = {
				ALWAYS_EMBED_SWIFT_STANDARD_LIBRARIES = YES;
				BUNDLE_LOADER = "$(TEST_HOST)";
				CODE_SIGN_STYLE = Automatic;
				INFOPLIST_FILE = "Super CoolTests/Info.plist";
				LD_RUNPATH_SEARCH_PATHS = (
					"$(inherited)",
					"@executable_path/Frameworks",
					"@loader_path/Frameworks",
				);
				PRODUCT_BUNDLE_IDENTIFIER = "com.devslopes.Super-CoolTests";
				PRODUCT_NAME = "$(TARGET_NAME)";
				SWIFT_VERSION = 4.0;
				TARGETED_DEVICE_FAMILY = "1,2";
				TEST_HOST = "$(BUILT_PRODUCTS_DIR)/Super Cool.app/Super Cool";
			};
			name = Debug;
		};
		A1973686209FD78500F9533C /* Release */ = {
			isa = XCBuildConfiguration;
			buildSettings = {
				ALWAYS_EMBED_SWIFT_STANDARD_LIBRARIES = YES;
				BUNDLE_LOADER = "$(TEST_HOST)";
				CODE_SIGN_STYLE = Automatic;
				INFOPLIST_FILE = "Super CoolTests/Info.plist";
				LD_RUNPATH_SEARCH_PATHS = (
					"$(inherited)",
					"@executable_path/Frameworks",
					"@loader_path/Frameworks",
				);
				PRODUCT_BUNDLE_IDENTIFIER = "com.devslopes.Super-CoolTests";
				PRODUCT_NAME = "$(TARGET_NAME)";
				SWIFT_VERSION = 4.0;
				TARGETED_DEVICE_FAMILY = "1,2";
				TEST_HOST = "$(BUILT_PRODUCTS_DIR)/Super Cool.app/Super Cool";
			};
			name = Release;
		};
		A1973688209FD78500F9533C /* Debug */ = {
			isa = XCBuildConfiguration;
			buildSettings = {
				ALWAYS_EMBED_SWIFT_STANDARD_LIBRARIES = YES;
				CODE_SIGN_STYLE = Automatic;
				INFOPLIST_FILE = "Super CoolUITests/Info.plist";
				LD_RUNPATH_SEARCH_PATHS = (
					"$(inherited)",
					"@executable_path/Frameworks",
					"@loader_path/Frameworks",
				);
				PRODUCT_BUNDLE_IDENTIFIER = "com.devslopes.Super-CoolUITests";
				PRODUCT_NAME = "$(TARGET_NAME)";
				SWIFT_VERSION = 4.0;
				TARGETED_DEVICE_FAMILY = "1,2";
				TEST_TARGET_NAME = "Super Cool";
			};
			name = Debug;
		};
		A1973689209FD78500F9533C /* Release */ = {
			isa = XCBuildConfiguration;
			buildSettings = {
				ALWAYS_EMBED_SWIFT_STANDARD_LIBRARIES = YES;
				CODE_SIGN_STYLE = Automatic;
				INFOPLIST_FILE = "Super CoolUITests/Info.plist";
				LD_RUNPATH_SEARCH_PATHS = (
					"$(inherited)",
					"@executable_path/Frameworks",
					"@loader_path/Frameworks",
				);
				PRODUCT_BUNDLE_IDENTIFIER = "com.devslopes.Super-CoolUITests";
				PRODUCT_NAME = "$(TARGET_NAME)";
				SWIFT_VERSION = 4.0;
				TARGETED_DEVICE_FAMILY = "1,2";
				TEST_TARGET_NAME = "Super Cool";
			};
			name = Release;
		};
/* End XCBuildConfiguration section */

/* Begin XCConfigurationList section */
		A1973654209FD78000F9533C /* Build configuration list for PBXProject "Super Cool" */ = {
			isa = XCConfigurationList;
			buildConfigurations = (
				A197367F209FD78500F9533C /* Debug */,
				A1973680209FD78500F9533C /* Release */,
			);
			defaultConfigurationIsVisible = 0;
			defaultConfigurationName = Release;
		};
		A1973681209FD78500F9533C /* Build configuration list for PBXNativeTarget "Super Cool" */ = {
			isa = XCConfigurationList;
			buildConfigurations = (
				A1973682209FD78500F9533C /* Debug */,
				A1973683209FD78500F9533C /* Release */,
			);
			defaultConfigurationIsVisible = 0;
			defaultConfigurationName = Release;
		};
		A1973684209FD78500F9533C /* Build configuration list for PBXNativeTarget "Super CoolTests" */ = {
			isa = XCConfigurationList;
			buildConfigurations = (
				A1973685209FD78500F9533C /* Debug */,
				A1973686209FD78500F9533C /* Release */,
			);
			defaultConfigurationIsVisible = 0;
			defaultConfigurationName = Release;
		};
		A1973687209FD78500F9533C /* Build configuration list for PBXNativeTarget "Super CoolUITests" */ = {
			isa = XCConfigurationList;
			buildConfigurations = (
				A1973688209FD78500F9533C /* Debug */,
				A1973689209FD78500F9533C /* Release */,
			);
			defaultConfigurationIsVisible = 0;
			defaultConfigurationName = Release;
		};
/* End XCConfigurationList section */
	};
	rootObject = A1973651209FD78000F9533C /* Project object */;
}
